// !$*UTF8*$!
{
	archiveVersion = 1;
	classes = {
	};
	objectVersion = 50;
	objects = {

/* Begin PBXBuildFile section */
		5DFED990980149C91BB4E16F /* libPods-codeTest.a in Frameworks */ = {isa = PBXBuildFile; fileRef = 6B8C983625FFECAF812B9417 /* libPods-codeTest.a */; };
		DD80039424E0CFC4005608A9 /* AppDelegate.m in Sources */ = {isa = PBXBuildFile; fileRef = DD80039324E0CFC4005608A9 /* AppDelegate.m */; };
		DD80039724E0CFC4005608A9 /* SceneDelegate.m in Sources */ = {isa = PBXBuildFile; fileRef = DD80039624E0CFC4005608A9 /* SceneDelegate.m */; };
		DD80039A24E0CFC4005608A9 /* ViewController.m in Sources */ = {isa = PBXBuildFile; fileRef = DD80039924E0CFC4005608A9 /* ViewController.m */; };
		DD80039D24E0CFC4005608A9 /* Main.storyboard in Resources */ = {isa = PBXBuildFile; fileRef = DD80039B24E0CFC4005608A9 /* Main.storyboard */; };
		DD80039F24E0CFC6005608A9 /* Assets.xcassets in Resources */ = {isa = PBXBuildFile; fileRef = DD80039E24E0CFC6005608A9 /* Assets.xcassets */; };
		DD8003A224E0CFC6005608A9 /* LaunchScreen.storyboard in Resources */ = {isa = PBXBuildFile; fileRef = DD8003A024E0CFC6005608A9 /* LaunchScreen.storyboard */; };
		DD8003A524E0CFC6005608A9 /* main.m in Sources */ = {isa = PBXBuildFile; fileRef = DD8003A424E0CFC6005608A9 /* main.m */; };
		DD8003AF24E0CFC6005608A9 /* codeTestTests.m in Sources */ = {isa = PBXBuildFile; fileRef = DD8003AE24E0CFC6005608A9 /* codeTestTests.m */; };
		DD8003BA24E0CFC6005608A9 /* codeTestUITests.m in Sources */ = {isa = PBXBuildFile; fileRef = DD8003B924E0CFC6005608A9 /* codeTestUITests.m */; };
		DD8003CF24E0EC64005608A9 /* hahaViewController.m in Sources */ = {isa = PBXBuildFile; fileRef = DD8003CE24E0EC64005608A9 /* hahaViewController.m */; };
		DD8003D224E0EE8C005608A9 /* abcViewController.m in Sources */ = {isa = PBXBuildFile; fileRef = DD8003D124E0EE8C005608A9 /* abcViewController.m */; };
		DD8003D624E0F0D0005608A9 /* aaaViewController.m in Sources */ = {isa = PBXBuildFile; fileRef = DD8003D424E0F0D0005608A9 /* aaaViewController.m */; };
		DD8003D724E0F0D0005608A9 /* aaaViewController.xib in Resources */ = {isa = PBXBuildFile; fileRef = DD8003D524E0F0D0005608A9 /* aaaViewController.xib */; };
		DD8003DB24E0F46B005608A9 /* dddViewController.m in Sources */ = {isa = PBXBuildFile; fileRef = DD8003D924E0F46B005608A9 /* dddViewController.m */; };
		DD8003DC24E0F46B005608A9 /* dddViewController.xib in Resources */ = {isa = PBXBuildFile; fileRef = DD8003DA24E0F46B005608A9 /* dddViewController.xib */; };
/* End PBXBuildFile section */

/* Begin PBXContainerItemProxy section */
		DD8003AB24E0CFC6005608A9 /* PBXContainerItemProxy */ = {
			isa = PBXContainerItemProxy;
			containerPortal = DD80038724E0CFC4005608A9 /* Project object */;
			proxyType = 1;
			remoteGlobalIDString = DD80038E24E0CFC4005608A9;
			remoteInfo = codeTest;
		};
		DD8003B624E0CFC6005608A9 /* PBXContainerItemProxy */ = {
			isa = PBXContainerItemProxy;
			containerPortal = DD80038724E0CFC4005608A9 /* Project object */;
			proxyType = 1;
			remoteGlobalIDString = DD80038E24E0CFC4005608A9;
			remoteInfo = codeTest;
		};
/* End PBXContainerItemProxy section */

/* Begin PBXFileReference section */
		2FCBCA88C46262701CFAF0FF /* Pods-codeTest.debug.xcconfig */ = {isa = PBXFileReference; includeInIndex = 1; lastKnownFileType = text.xcconfig; name = "Pods-codeTest.debug.xcconfig"; path = "Target Support Files/Pods-codeTest/Pods-codeTest.debug.xcconfig"; sourceTree = "<group>"; };
		4374D0E82EB348BE7BFE7BDF /* Pods-codeTest.release.xcconfig */ = {isa = PBXFileReference; includeInIndex = 1; lastKnownFileType = text.xcconfig; name = "Pods-codeTest.release.xcconfig"; path = "Target Support Files/Pods-codeTest/Pods-codeTest.release.xcconfig"; sourceTree = "<group>"; };
		6B8C983625FFECAF812B9417 /* libPods-codeTest.a */ = {isa = PBXFileReference; explicitFileType = archive.ar; includeInIndex = 0; path = "libPods-codeTest.a"; sourceTree = BUILT_PRODUCTS_DIR; };
		DD80038F24E0CFC4005608A9 /* codeTest.app */ = {isa = PBXFileReference; explicitFileType = wrapper.application; includeInIndex = 0; path = codeTest.app; sourceTree = BUILT_PRODUCTS_DIR; };
		DD80039224E0CFC4005608A9 /* AppDelegate.h */ = {isa = PBXFileReference; lastKnownFileType = sourcecode.c.h; path = AppDelegate.h; sourceTree = "<group>"; };
		DD80039324E0CFC4005608A9 /* AppDelegate.m */ = {isa = PBXFileReference; lastKnownFileType = sourcecode.c.objc; path = AppDelegate.m; sourceTree = "<group>"; };
		DD80039524E0CFC4005608A9 /* SceneDelegate.h */ = {isa = PBXFileReference; lastKnownFileType = sourcecode.c.h; path = SceneDelegate.h; sourceTree = "<group>"; };
		DD80039624E0CFC4005608A9 /* SceneDelegate.m */ = {isa = PBXFileReference; lastKnownFileType = sourcecode.c.objc; path = SceneDelegate.m; sourceTree = "<group>"; };
		DD80039824E0CFC4005608A9 /* ViewController.h */ = {isa = PBXFileReference; lastKnownFileType = sourcecode.c.h; path = ViewController.h; sourceTree = "<group>"; };
		DD80039924E0CFC4005608A9 /* ViewController.m */ = {isa = PBXFileReference; lastKnownFileType = sourcecode.c.objc; path = ViewController.m; sourceTree = "<group>"; };
		DD80039C24E0CFC4005608A9 /* Base */ = {isa = PBXFileReference; lastKnownFileType = file.storyboard; name = Base; path = Base.lproj/Main.storyboard; sourceTree = "<group>"; };
		DD80039E24E0CFC6005608A9 /* Assets.xcassets */ = {isa = PBXFileReference; lastKnownFileType = folder.assetcatalog; path = Assets.xcassets; sourceTree = "<group>"; };
		DD8003A124E0CFC6005608A9 /* Base */ = {isa = PBXFileReference; lastKnownFileType = file.storyboard; name = Base; path = Base.lproj/LaunchScreen.storyboard; sourceTree = "<group>"; };
		DD8003A324E0CFC6005608A9 /* Info.plist */ = {isa = PBXFileReference; lastKnownFileType = text.plist.xml; path = Info.plist; sourceTree = "<group>"; };
		DD8003A424E0CFC6005608A9 /* main.m */ = {isa = PBXFileReference; lastKnownFileType = sourcecode.c.objc; path = main.m; sourceTree = "<group>"; };
		DD8003AA24E0CFC6005608A9 /* codeTestTests.xctest */ = {isa = PBXFileReference; explicitFileType = wrapper.cfbundle; includeInIndex = 0; path = codeTestTests.xctest; sourceTree = BUILT_PRODUCTS_DIR; };
		DD8003AE24E0CFC6005608A9 /* codeTestTests.m */ = {isa = PBXFileReference; lastKnownFileType = sourcecode.c.objc; path = codeTestTests.m; sourceTree = "<group>"; };
		DD8003B024E0CFC6005608A9 /* Info.plist */ = {isa = PBXFileReference; lastKnownFileType = text.plist.xml; path = Info.plist; sourceTree = "<group>"; };
		DD8003B524E0CFC6005608A9 /* codeTestUITests.xctest */ = {isa = PBXFileReference; explicitFileType = wrapper.cfbundle; includeInIndex = 0; path = codeTestUITests.xctest; sourceTree = BUILT_PRODUCTS_DIR; };
		DD8003B924E0CFC6005608A9 /* codeTestUITests.m */ = {isa = PBXFileReference; lastKnownFileType = sourcecode.c.objc; path = codeTestUITests.m; sourceTree = "<group>"; };
		DD8003BB24E0CFC6005608A9 /* Info.plist */ = {isa = PBXFileReference; lastKnownFileType = text.plist.xml; path = Info.plist; sourceTree = "<group>"; };
		DD8003CD24E0EC64005608A9 /* hahaViewController.h */ = {isa = PBXFileReference; lastKnownFileType = sourcecode.c.h; path = hahaViewController.h; sourceTree = "<group>"; };
		DD8003CE24E0EC64005608A9 /* hahaViewController.m */ = {isa = PBXFileReference; lastKnownFileType = sourcecode.c.objc; path = hahaViewController.m; sourceTree = "<group>"; };
		DD8003D024E0EE8C005608A9 /* abcViewController.h */ = {isa = PBXFileReference; lastKnownFileType = sourcecode.c.h; path = abcViewController.h; sourceTree = "<group>"; };
		DD8003D124E0EE8C005608A9 /* abcViewController.m */ = {isa = PBXFileReference; lastKnownFileType = sourcecode.c.objc; path = abcViewController.m; sourceTree = "<group>"; };
		DD8003D324E0F0D0005608A9 /* aaaViewController.h */ = {isa = PBXFileReference; lastKnownFileType = sourcecode.c.h; path = aaaViewController.h; sourceTree = "<group>"; };
		DD8003D424E0F0D0005608A9 /* aaaViewController.m */ = {isa = PBXFileReference; lastKnownFileType = sourcecode.c.objc; path = aaaViewController.m; sourceTree = "<group>"; };
		DD8003D524E0F0D0005608A9 /* aaaViewController.xib */ = {isa = PBXFileReference; lastKnownFileType = file.xib; path = aaaViewController.xib; sourceTree = "<group>"; };
		DD8003D824E0F46B005608A9 /* dddViewController.h */ = {isa = PBXFileReference; lastKnownFileType = sourcecode.c.h; path = dddViewController.h; sourceTree = "<group>"; };
		DD8003D924E0F46B005608A9 /* dddViewController.m */ = {isa = PBXFileReference; lastKnownFileType = sourcecode.c.objc; path = dddViewController.m; sourceTree = "<group>"; };
		DD8003DA24E0F46B005608A9 /* dddViewController.xib */ = {isa = PBXFileReference; lastKnownFileType = file.xib; path = dddViewController.xib; sourceTree = "<group>"; };
/* End PBXFileReference section */

/* Begin PBXFrameworksBuildPhase section */
		DD80038C24E0CFC4005608A9 /* Frameworks */ = {
			isa = PBXFrameworksBuildPhase;
			buildActionMask = 2147483647;
			files = (
				5DFED990980149C91BB4E16F /* libPods-codeTest.a in Frameworks */,
			);
			runOnlyForDeploymentPostprocessing = 0;
		};
		DD8003A724E0CFC6005608A9 /* Frameworks */ = {
			isa = PBXFrameworksBuildPhase;
			buildActionMask = 2147483647;
			files = (
			);
			runOnlyForDeploymentPostprocessing = 0;
		};
		DD8003B224E0CFC6005608A9 /* Frameworks */ = {
			isa = PBXFrameworksBuildPhase;
			buildActionMask = 2147483647;
			files = (
			);
			runOnlyForDeploymentPostprocessing = 0;
		};
/* End PBXFrameworksBuildPhase section */

/* Begin PBXGroup section */
		9B9E11413F206DF5FDA2975C /* Frameworks */ = {
			isa = PBXGroup;
			children = (
				6B8C983625FFECAF812B9417 /* libPods-codeTest.a */,
			);
			name = Frameworks;
			sourceTree = "<group>";
		};
		C462D3BEA01821458E06AEB7 /* Pods */ = {
			isa = PBXGroup;
			children = (
				2FCBCA88C46262701CFAF0FF /* Pods-codeTest.debug.xcconfig */,
				4374D0E82EB348BE7BFE7BDF /* Pods-codeTest.release.xcconfig */,
			);
			name = Pods;
			path = Pods;
			sourceTree = "<group>";
		};
		DD80038624E0CFC4005608A9 = {
			isa = PBXGroup;
			children = (
				DD80039124E0CFC4005608A9 /* codeTest */,
				DD8003AD24E0CFC6005608A9 /* codeTestTests */,
				DD8003B824E0CFC6005608A9 /* codeTestUITests */,
				DD80039024E0CFC4005608A9 /* Products */,
				C462D3BEA01821458E06AEB7 /* Pods */,
				9B9E11413F206DF5FDA2975C /* Frameworks */,
			);
			sourceTree = "<group>";
		};
		DD80039024E0CFC4005608A9 /* Products */ = {
			isa = PBXGroup;
			children = (
				DD80038F24E0CFC4005608A9 /* codeTest.app */,
				DD8003AA24E0CFC6005608A9 /* codeTestTests.xctest */,
				DD8003B524E0CFC6005608A9 /* codeTestUITests.xctest */,
			);
			name = Products;
			sourceTree = "<group>";
		};
		DD80039124E0CFC4005608A9 /* codeTest */ = {
			isa = PBXGroup;
			children = (
				DD80039224E0CFC4005608A9 /* AppDelegate.h */,
				DD80039324E0CFC4005608A9 /* AppDelegate.m */,
				DD80039524E0CFC4005608A9 /* SceneDelegate.h */,
				DD80039624E0CFC4005608A9 /* SceneDelegate.m */,
				DD80039824E0CFC4005608A9 /* ViewController.h */,
				DD80039924E0CFC4005608A9 /* ViewController.m */,
				DD80039B24E0CFC4005608A9 /* Main.storyboard */,
				DD80039E24E0CFC6005608A9 /* Assets.xcassets */,
				DD8003A024E0CFC6005608A9 /* LaunchScreen.storyboard */,
				DD8003A324E0CFC6005608A9 /* Info.plist */,
				DD8003A424E0CFC6005608A9 /* main.m */,
				DD8003CD24E0EC64005608A9 /* hahaViewController.h */,
				DD8003CE24E0EC64005608A9 /* hahaViewController.m */,
				DD8003D024E0EE8C005608A9 /* abcViewController.h */,
				DD8003D124E0EE8C005608A9 /* abcViewController.m */,
				DD8003D324E0F0D0005608A9 /* aaaViewController.h */,
				DD8003D424E0F0D0005608A9 /* aaaViewController.m */,
				DD8003D524E0F0D0005608A9 /* aaaViewController.xib */,
				DD8003D824E0F46B005608A9 /* dddViewController.h */,
				DD8003D924E0F46B005608A9 /* dddViewController.m */,
				DD8003DA24E0F46B005608A9 /* dddViewController.xib */,
			);
			path = codeTest;
			sourceTree = "<group>";
		};
		DD8003AD24E0CFC6005608A9 /* codeTestTests */ = {
			isa = PBXGroup;
			children = (
				DD8003AE24E0CFC6005608A9 /* codeTestTests.m */,
				DD8003B024E0CFC6005608A9 /* Info.plist */,
			);
			path = codeTestTests;
			sourceTree = "<group>";
		};
		DD8003B824E0CFC6005608A9 /* codeTestUITests */ = {
			isa = PBXGroup;
			children = (
				DD8003B924E0CFC6005608A9 /* codeTestUITests.m */,
				DD8003BB24E0CFC6005608A9 /* Info.plist */,
			);
			path = codeTestUITests;
			sourceTree = "<group>";
		};
/* End PBXGroup section */

/* Begin PBXNativeTarget section */
		DD80038E24E0CFC4005608A9 /* codeTest */ = {
			isa = PBXNativeTarget;
			buildConfigurationList = DD8003BE24E0CFC6005608A9 /* Build configuration list for PBXNativeTarget "codeTest" */;
			buildPhases = (
				EC8915B0109F684EF7157923 /* [CP] Check Pods Manifest.lock */,
				DD80038B24E0CFC4005608A9 /* Sources */,
				DD80038C24E0CFC4005608A9 /* Frameworks */,
				DD80038D24E0CFC4005608A9 /* Resources */,
				BDD724E65AD491C918F18307 /* [CP] Copy Pods Resources */,
			);
			buildRules = (
			);
			dependencies = (
			);
			name = codeTest;
			productName = codeTest;
			productReference = DD80038F24E0CFC4005608A9 /* codeTest.app */;
			productType = "com.apple.product-type.application";
		};
		DD8003A924E0CFC6005608A9 /* codeTestTests */ = {
			isa = PBXNativeTarget;
			buildConfigurationList = DD8003C124E0CFC6005608A9 /* Build configuration list for PBXNativeTarget "codeTestTests" */;
			buildPhases = (
				DD8003A624E0CFC6005608A9 /* Sources */,
				DD8003A724E0CFC6005608A9 /* Frameworks */,
				DD8003A824E0CFC6005608A9 /* Resources */,
			);
			buildRules = (
			);
			dependencies = (
				DD8003AC24E0CFC6005608A9 /* PBXTargetDependency */,
			);
			name = codeTestTests;
			productName = codeTestTests;
			productReference = DD8003AA24E0CFC6005608A9 /* codeTestTests.xctest */;
			productType = "com.apple.product-type.bundle.unit-test";
		};
		DD8003B424E0CFC6005608A9 /* codeTestUITests */ = {
			isa = PBXNativeTarget;
			buildConfigurationList = DD8003C424E0CFC6005608A9 /* Build configuration list for PBXNativeTarget "codeTestUITests" */;
			buildPhases = (
				DD8003B124E0CFC6005608A9 /* Sources */,
				DD8003B224E0CFC6005608A9 /* Frameworks */,
				DD8003B324E0CFC6005608A9 /* Resources */,
			);
			buildRules = (
			);
			dependencies = (
				DD8003B724E0CFC6005608A9 /* PBXTargetDependency */,
			);
			name = codeTestUITests;
			productName = codeTestUITests;
			productReference = DD8003B524E0CFC6005608A9 /* codeTestUITests.xctest */;
			productType = "com.apple.product-type.bundle.ui-testing";
		};
/* End PBXNativeTarget section */

/* Begin PBXProject section */
		DD80038724E0CFC4005608A9 /* Project object */ = {
			isa = PBXProject;
			attributes = {
				LastUpgradeCheck = 1160;
				ORGANIZATIONNAME = yangyang;
				TargetAttributes = {
					DD80038E24E0CFC4005608A9 = {
						CreatedOnToolsVersion = 11.6;
					};
					DD8003A924E0CFC6005608A9 = {
						CreatedOnToolsVersion = 11.6;
						TestTargetID = DD80038E24E0CFC4005608A9;
					};
					DD8003B424E0CFC6005608A9 = {
						CreatedOnToolsVersion = 11.6;
						TestTargetID = DD80038E24E0CFC4005608A9;
					};
				};
			};
			buildConfigurationList = DD80038A24E0CFC4005608A9 /* Build configuration list for PBXProject "codeTest" */;
			compatibilityVersion = "Xcode 9.3";
			developmentRegion = en;
			hasScannedForEncodings = 0;
			knownRegions = (
				en,
				Base,
			);
			mainGroup = DD80038624E0CFC4005608A9;
			productRefGroup = DD80039024E0CFC4005608A9 /* Products */;
			projectDirPath = "";
			projectRoot = "";
			targets = (
				DD80038E24E0CFC4005608A9 /* codeTest */,
				DD8003A924E0CFC6005608A9 /* codeTestTests */,
				DD8003B424E0CFC6005608A9 /* codeTestUITests */,
			);
		};
/* End PBXProject section */

/* Begin PBXResourcesBuildPhase section */
		DD80038D24E0CFC4005608A9 /* Resources */ = {
			isa = PBXResourcesBuildPhase;
			buildActionMask = 2147483647;
			files = (
				DD8003D724E0F0D0005608A9 /* aaaViewController.xib in Resources */,
				DD8003DC24E0F46B005608A9 /* dddViewController.xib in Resources */,
				DD8003A224E0CFC6005608A9 /* LaunchScreen.storyboard in Resources */,
				DD80039F24E0CFC6005608A9 /* Assets.xcassets in Resources */,
				DD80039D24E0CFC4005608A9 /* Main.storyboard in Resources */,
			);
			runOnlyForDeploymentPostprocessing = 0;
		};
		DD8003A824E0CFC6005608A9 /* Resources */ = {
			isa = PBXResourcesBuildPhase;
			buildActionMask = 2147483647;
			files = (
			);
			runOnlyForDeploymentPostprocessing = 0;
		};
		DD8003B324E0CFC6005608A9 /* Resources */ = {
			isa = PBXResourcesBuildPhase;
			buildActionMask = 2147483647;
			files = (
			);
			runOnlyForDeploymentPostprocessing = 0;
		};
/* End PBXResourcesBuildPhase section */

/* Begin PBXShellScriptBuildPhase section */
		BDD724E65AD491C918F18307 /* [CP] Copy Pods Resources */ = {
			isa = PBXShellScriptBuildPhase;
			buildActionMask = 2147483647;
			files = (
			);
			inputFileListPaths = (
				"${PODS_ROOT}/Target Support Files/Pods-codeTest/Pods-codeTest-resources-${CONFIGURATION}-input-files.xcfilelist",
			);
			name = "[CP] Copy Pods Resources";
			outputFileListPaths = (
				"${PODS_ROOT}/Target Support Files/Pods-codeTest/Pods-codeTest-resources-${CONFIGURATION}-output-files.xcfilelist",
			);
			runOnlyForDeploymentPostprocessing = 0;
			shellPath = /bin/sh;
			shellScript = "\"${PODS_ROOT}/Target Support Files/Pods-codeTest/Pods-codeTest-resources.sh\"\n";
			showEnvVarsInLog = 0;
		};
		EC8915B0109F684EF7157923 /* [CP] Check Pods Manifest.lock */ = {
			isa = PBXShellScriptBuildPhase;
			buildActionMask = 2147483647;
			files = (
			);
			inputFileListPaths = (
			);
			inputPaths = (
				"${PODS_PODFILE_DIR_PATH}/Podfile.lock",
				"${PODS_ROOT}/Manifest.lock",
			);
			name = "[CP] Check Pods Manifest.lock";
			outputFileListPaths = (
			);
			outputPaths = (
				"$(DERIVED_FILE_DIR)/Pods-codeTest-checkManifestLockResult.txt",
			);
			runOnlyForDeploymentPostprocessing = 0;
			shellPath = /bin/sh;
			shellScript = "diff \"${PODS_PODFILE_DIR_PATH}/Podfile.lock\" \"${PODS_ROOT}/Manifest.lock\" > /dev/null\nif [ $? != 0 ] ; then\n    # print error to STDERR\n    echo \"error: The sandbox is not in sync with the Podfile.lock. Run 'pod install' or update your CocoaPods installation.\" >&2\n    exit 1\nfi\n# This output is used by Xcode 'outputs' to avoid re-running this script phase.\necho \"SUCCESS\" > \"${SCRIPT_OUTPUT_FILE_0}\"\n";
			showEnvVarsInLog = 0;
		};
/* End PBXShellScriptBuildPhase section */

/* Begin PBXSourcesBuildPhase section */
		DD80038B24E0CFC4005608A9 /* Sources */ = {
			isa = PBXSourcesBuildPhase;
			buildActionMask = 2147483647;
			files = (
				DD80039A24E0CFC4005608A9 /* ViewController.m in Sources */,
				DD8003DB24E0F46B005608A9 /* dddViewController.m in Sources */,
				DD80039424E0CFC4005608A9 /* AppDelegate.m in Sources */,
				DD8003D624E0F0D0005608A9 /* aaaViewController.m in Sources */,
				DD8003CF24E0EC64005608A9 /* hahaViewController.m in Sources */,
				DD8003A524E0CFC6005608A9 /* main.m in Sources */,
				DD80039724E0CFC4005608A9 /* SceneDelegate.m in Sources */,
				DD8003D224E0EE8C005608A9 /* abcViewController.m in Sources */,
			);
			runOnlyForDeploymentPostprocessing = 0;
		};
		DD8003A624E0CFC6005608A9 /* Sources */ = {
			isa = PBXSourcesBuildPhase;
			buildActionMask = 2147483647;
			files = (
				DD8003AF24E0CFC6005608A9 /* codeTestTests.m in Sources */,
			);
			runOnlyForDeploymentPostprocessing = 0;
		};
		DD8003B124E0CFC6005608A9 /* Sources */ = {
			isa = PBXSourcesBuildPhase;
			buildActionMask = 2147483647;
			files = (
				DD8003BA24E0CFC6005608A9 /* codeTestUITests.m in Sources */,
			);
			runOnlyForDeploymentPostprocessing = 0;
		};
/* End PBXSourcesBuildPhase section */

/* Begin PBXTargetDependency section */
		DD8003AC24E0CFC6005608A9 /* PBXTargetDependency */ = {
			isa = PBXTargetDependency;
			target = DD80038E24E0CFC4005608A9 /* codeTest */;
			targetProxy = DD8003AB24E0CFC6005608A9 /* PBXContainerItemProxy */;
		};
		DD8003B724E0CFC6005608A9 /* PBXTargetDependency */ = {
			isa = PBXTargetDependency;
			target = DD80038E24E0CFC4005608A9 /* codeTest */;
			targetProxy = DD8003B624E0CFC6005608A9 /* PBXContainerItemProxy */;
		};
/* End PBXTargetDependency section */

/* Begin PBXVariantGroup section */
		DD80039B24E0CFC4005608A9 /* Main.storyboard */ = {
			isa = PBXVariantGroup;
			children = (
				DD80039C24E0CFC4005608A9 /* Base */,
			);
			name = Main.storyboard;
			sourceTree = "<group>";
		};
		DD8003A024E0CFC6005608A9 /* LaunchScreen.storyboard */ = {
			isa = PBXVariantGroup;
			children = (
				DD8003A124E0CFC6005608A9 /* Base */,
			);
			name = LaunchScreen.storyboard;
			sourceTree = "<group>";
		};
/* End PBXVariantGroup section */

/* Begin XCBuildConfiguration section */
		DD8003BC24E0CFC6005608A9 /* Debug */ = {
			isa = XCBuildConfiguration;
			buildSettings = {
				ALWAYS_SEARCH_USER_PATHS = NO;
				CLANG_ANALYZER_NONNULL = YES;
				CLANG_ANALYZER_NUMBER_OBJECT_CONVERSION = YES_AGGRESSIVE;
				CLANG_CXX_LANGUAGE_STANDARD = "gnu++14";
				CLANG_CXX_LIBRARY = "libc++";
				CLANG_ENABLE_MODULES = YES;
				CLANG_ENABLE_OBJC_ARC = YES;
				CLANG_ENABLE_OBJC_WEAK = YES;
				CLANG_WARN_BLOCK_CAPTURE_AUTORELEASING = YES;
				CLANG_WARN_BOOL_CONVERSION = YES;
				CLANG_WARN_COMMA = YES;
				CLANG_WARN_CONSTANT_CONVERSION = YES;
				CLANG_WARN_DEPRECATED_OBJC_IMPLEMENTATIONS = YES;
				CLANG_WARN_DIRECT_OBJC_ISA_USAGE = YES_ERROR;
				CLANG_WARN_DOCUMENTATION_COMMENTS = YES;
				CLANG_WARN_EMPTY_BODY = YES;
				CLANG_WARN_ENUM_CONVERSION = YES;
				CLANG_WARN_INFINITE_RECURSION = YES;
				CLANG_WARN_INT_CONVERSION = YES;
				CLANG_WARN_NON_LITERAL_NULL_CONVERSION = YES;
				CLANG_WARN_OBJC_IMPLICIT_RETAIN_SELF = YES;
				CLANG_WARN_OBJC_LITERAL_CONVERSION = YES;
				CLANG_WARN_OBJC_ROOT_CLASS = YES_ERROR;
				CLANG_WARN_RANGE_LOOP_ANALYSIS = YES;
				CLANG_WARN_STRICT_PROTOTYPES = YES;
				CLANG_WARN_SUSPICIOUS_MOVE = YES;
				CLANG_WARN_UNGUARDED_AVAILABILITY = YES_AGGRESSIVE;
				CLANG_WARN_UNREACHABLE_CODE = YES;
				CLANG_WARN__DUPLICATE_METHOD_MATCH = YES;
				COPY_PHASE_STRIP = NO;
				DEBUG_INFORMATION_FORMAT = dwarf;
				ENABLE_STRICT_OBJC_MSGSEND = YES;
				ENABLE_TESTABILITY = YES;
				GCC_C_LANGUAGE_STANDARD = gnu11;
				GCC_DYNAMIC_NO_PIC = NO;
				GCC_NO_COMMON_BLOCKS = YES;
				GCC_OPTIMIZATION_LEVEL = 0;
				GCC_PREPROCESSOR_DEFINITIONS = (
					"DEBUG=1",
					"$(inherited)",
				);
				GCC_WARN_64_TO_32_BIT_CONVERSION = YES;
				GCC_WARN_ABOUT_RETURN_TYPE = YES_ERROR;
				GCC_WARN_UNDECLARED_SELECTOR = YES;
				GCC_WARN_UNINITIALIZED_AUTOS = YES_AGGRESSIVE;
				GCC_WARN_UNUSED_FUNCTION = YES;
				GCC_WARN_UNUSED_VARIABLE = YES;
				IPHONEOS_DEPLOYMENT_TARGET = 13.6;
				MTL_ENABLE_DEBUG_INFO = INCLUDE_SOURCE;
				MTL_FAST_MATH = YES;
				ONLY_ACTIVE_ARCH = YES;
				SDKROOT = iphoneos;
			};
			name = Debug;
		};
		DD8003BD24E0CFC6005608A9 /* Release */ = {
			isa = XCBuildConfiguration;
			buildSettings = {
				ALWAYS_SEARCH_USER_PATHS = NO;
				CLANG_ANALYZER_NONNULL = YES;
				CLANG_ANALYZER_NUMBER_OBJECT_CONVERSION = YES_AGGRESSIVE;
				CLANG_CXX_LANGUAGE_STANDARD = "gnu++14";
				CLANG_CXX_LIBRARY = "libc++";
				CLANG_ENABLE_MODULES = YES;
				CLANG_ENABLE_OBJC_ARC = YES;
				CLANG_ENABLE_OBJC_WEAK = YES;
				CLANG_WARN_BLOCK_CAPTURE_AUTORELEASING = YES;
				CLANG_WARN_BOOL_CONVERSION = YES;
				CLANG_WARN_COMMA = YES;
				CLANG_WARN_CONSTANT_CONVERSION = YES;
				CLANG_WARN_DEPRECATED_OBJC_IMPLEMENTATIONS = YES;
				CLANG_WARN_DIRECT_OBJC_ISA_USAGE = YES_ERROR;
				CLANG_WARN_DOCUMENTATION_COMMENTS = YES;
				CLANG_WARN_EMPTY_BODY = YES;
				CLANG_WARN_ENUM_CONVERSION = YES;
				CLANG_WARN_INFINITE_RECURSION = YES;
				CLANG_WARN_INT_CONVERSION = YES;
				CLANG_WARN_NON_LITERAL_NULL_CONVERSION = YES;
				CLANG_WARN_OBJC_IMPLICIT_RETAIN_SELF = YES;
				CLANG_WARN_OBJC_LITERAL_CONVERSION = YES;
				CLANG_WARN_OBJC_ROOT_CLASS = YES_ERROR;
				CLANG_WARN_RANGE_LOOP_ANALYSIS = YES;
				CLANG_WARN_STRICT_PROTOTYPES = YES;
				CLANG_WARN_SUSPICIOUS_MOVE = YES;
				CLANG_WARN_UNGUARDED_AVAILABILITY = YES_AGGRESSIVE;
				CLANG_WARN_UNREACHABLE_CODE = YES;
				CLANG_WARN__DUPLICATE_METHOD_MATCH = YES;
				COPY_PHASE_STRIP = NO;
				DEBUG_INFORMATION_FORMAT = "dwarf-with-dsym";
				ENABLE_NS_ASSERTIONS = NO;
				ENABLE_STRICT_OBJC_MSGSEND = YES;
				GCC_C_LANGUAGE_STANDARD = gnu11;
				GCC_NO_COMMON_BLOCKS = YES;
				GCC_WARN_64_TO_32_BIT_CONVERSION = YES;
				GCC_WARN_ABOUT_RETURN_TYPE = YES_ERROR;
				GCC_WARN_UNDECLARED_SELECTOR = YES;
				GCC_WARN_UNINITIALIZED_AUTOS = YES_AGGRESSIVE;
				GCC_WARN_UNUSED_FUNCTION = YES;
				GCC_WARN_UNUSED_VARIABLE = YES;
				IPHONEOS_DEPLOYMENT_TARGET = 13.6;
				MTL_ENABLE_DEBUG_INFO = NO;
				MTL_FAST_MATH = YES;
				SDKROOT = iphoneos;
				VALIDATE_PRODUCT = YES;
			};
			name = Release;
		};
		DD8003BF24E0CFC6005608A9 /* Debug */ = {
			isa = XCBuildConfiguration;
			baseConfigurationReference = 2FCBCA88C46262701CFAF0FF /* Pods-codeTest.debug.xcconfig */;
			buildSettings = {
				ASSETCATALOG_COMPILER_APPICON_NAME = AppIcon;
				CODE_SIGN_STYLE = Automatic;
				INFOPLIST_FILE = codeTest/Info.plist;
				LD_RUNPATH_SEARCH_PATHS = (
					"$(inherited)",
					"@executable_path/Frameworks",
				);
				PRODUCT_BUNDLE_IDENTIFIER = yy.codeTest;
				PRODUCT_NAME = "$(TARGET_NAME)";
				TARGETED_DEVICE_FAMILY = "1,2";
			};
			name = Debug;
		};
		DD8003C024E0CFC6005608A9 /* Release */ = {
			isa = XCBuildConfiguration;
			baseConfigurationReference = 4374D0E82EB348BE7BFE7BDF /* Pods-codeTest.release.xcconfig */;
			buildSettings = {
				ASSETCATALOG_COMPILER_APPICON_NAME = AppIcon;
				CODE_SIGN_STYLE = Automatic;
				INFOPLIST_FILE = codeTest/Info.plist;
				LD_RUNPATH_SEARCH_PATHS = (
					"$(inherited)",
					"@executable_path/Frameworks",
				);
				PRODUCT_BUNDLE_IDENTIFIER = yy.codeTest;
				PRODUCT_NAME = "$(TARGET_NAME)";
				TARGETED_DEVICE_FAMILY = "1,2";
			};
			name = Release;
		};
		DD8003C224E0CFC6005608A9 /* Debug */ = {
			isa = XCBuildConfiguration;
			buildSettings = {
				BUNDLE_LOADER = "$(TEST_HOST)";
				CODE_SIGN_STYLE = Automatic;
				INFOPLIST_FILE = codeTestTests/Info.plist;
				IPHONEOS_DEPLOYMENT_TARGET = 13.6;
				LD_RUNPATH_SEARCH_PATHS = (
					"$(inherited)",
					"@executable_path/Frameworks",
					"@loader_path/Frameworks",
				);
				PRODUCT_BUNDLE_IDENTIFIER = yy.codeTestTests;
				PRODUCT_NAME = "$(TARGET_NAME)";
				TARGETED_DEVICE_FAMILY = "1,2";
				TEST_HOST = "$(BUILT_PRODUCTS_DIR)/codeTest.app/codeTest";
			};
			name = Debug;
		};
		DD8003C324E0CFC6005608A9 /* Release */ = {
			isa = XCBuildConfiguration;
			buildSettings = {
				BUNDLE_LOADER = "$(TEST_HOST)";
				CODE_SIGN_STYLE = Automatic;
				INFOPLIST_FILE = codeTestTests/Info.plist;
				IPHONEOS_DEPLOYMENT_TARGET = 13.6;
				LD_RUNPATH_SEARCH_PATHS = (
					"$(inherited)",
					"@executable_path/Frameworks",
					"@loader_path/Frameworks",
				);
				PRODUCT_BUNDLE_IDENTIFIER = yy.codeTestTests;
				PRODUCT_NAME = "$(TARGET_NAME)";
				TARGETED_DEVICE_FAMILY = "1,2";
				TEST_HOST = "$(BUILT_PRODUCTS_DIR)/codeTest.app/codeTest";
			};
			name = Release;
		};
		DD8003C524E0CFC6005608A9 /* Debug */ = {
			isa = XCBuildConfiguration;
			buildSettings = {
				CODE_SIGN_STYLE = Automatic;
				INFOPLIST_FILE = codeTestUITests/Info.plist;
				LD_RUNPATH_SEARCH_PATHS = (
					"$(inherited)",
					"@executable_path/Frameworks",
					"@loader_path/Frameworks",
				);
				PRODUCT_BUNDLE_IDENTIFIER = yy.codeTestUITests;
				PRODUCT_NAME = "$(TARGET_NAME)";
				TARGETED_DEVICE_FAMILY = "1,2";
				TEST_TARGET_NAME = codeTest;
			};
			name = Debug;
		};
		DD8003C624E0CFC6005608A9 /* Release */ = {
			isa = XCBuildConfiguration;
			buildSettings = {
				CODE_SIGN_STYLE = Automatic;
				INFOPLIST_FILE = codeTestUITests/Info.plist;
				LD_RUNPATH_SEARCH_PATHS = (
					"$(inherited)",
					"@executable_path/Frameworks",
					"@loader_path/Frameworks",
				);
				PRODUCT_BUNDLE_IDENTIFIER = yy.codeTestUITests;
				PRODUCT_NAME = "$(TARGET_NAME)";
				TARGETED_DEVICE_FAMILY = "1,2";
				TEST_TARGET_NAME = codeTest;
			};
			name = Release;
		};
/* End XCBuildConfiguration section */

/* Begin XCConfigurationList section */
		DD80038A24E0CFC4005608A9 /* Build configuration list for PBXProject "codeTest" */ = {
			isa = XCConfigurationList;
			buildConfigurations = (
				DD8003BC24E0CFC6005608A9 /* Debug */,
				DD8003BD24E0CFC6005608A9 /* Release */,
			);
			defaultConfigurationIsVisible = 0;
			defaultConfigurationName = Release;
		};
		DD8003BE24E0CFC6005608A9 /* Build configuration list for PBXNativeTarget "codeTest" */ = {
			isa = XCConfigurationList;
			buildConfigurations = (
				DD8003BF24E0CFC6005608A9 /* Debug */,
				DD8003C024E0CFC6005608A9 /* Release */,
			);
			defaultConfigurationIsVisible = 0;
			defaultConfigurationName = Release;
		};
		DD8003C124E0CFC6005608A9 /* Build configuration list for PBXNativeTarget "codeTestTests" */ = {
			isa = XCConfigurationList;
			buildConfigurations = (
				DD8003C224E0CFC6005608A9 /* Debug */,
				DD8003C324E0CFC6005608A9 /* Release */,
			);
			defaultConfigurationIsVisible = 0;
			defaultConfigurationName = Release;
		};
		DD8003C424E0CFC6005608A9 /* Build configuration list for PBXNativeTarget "codeTestUITests" */ = {
			isa = XCConfigurationList;
			buildConfigurations = (
				DD8003C524E0CFC6005608A9 /* Debug */,
				DD8003C624E0CFC6005608A9 /* Release */,
			);
			defaultConfigurationIsVisible = 0;
			defaultConfigurationName = Release;
		};
/* End XCConfigurationList section */
	};
	rootObject = DD80038724E0CFC4005608A9 /* Project object */;
}
